
Microsoft Visual Studio Solution File, Format Version 11.00
# Visual Studio 2010
Project("{FAE04EC0-301F-11D3-BF4B-00C04F79EFBC}") = "Tree", "Tree\Tree.csproj", "{944E37F0-CD77-43F7-8789-FC1633701531}"
EndProject
Global
	GlobalSection(SolutionConfigurationPlatforms) = preSolution
		Debug|x86 = Debug|x86
		Release|x86 = Release|x86
	EndGlobalSection
	GlobalSection(ProjectConfigurationPlatforms) = postSolution
		{944E37F0-CD77-43F7-8789-FC1633701531}.Debug|x86.ActiveCfg = Debug|x86
		{944E37F0-CD77-43F7-8789-FC1633701531}.Debug|x86.Build.0 = Debug|x86
		{944E37F0-CD77-43F7-8789-FC1633701531}.Release|x86.ActiveCfg = Release|x86
		{944E37F0-CD77-43F7-8789-FC1633701531}.Release|x86.Build.0 = Release|x86
	EndGlobalSection
	GlobalSection(MonoDevelopProperties) = preSolution
		StartupItem = Tree\Tree.csproj
	EndGlobalSection
EndGlobal
